# THIS IS AN AUTOGENERATED FILE. DO NOT EDIT THIS FILE DIRECTLY.
# yarn lockfile v1


"@clerk/backend@^3.8.2":
  version "3.8.2"
  resolved "https://registry.npmjs.org/@clerk/backend/-/backend-3.8.2.tgz"
  integrity sha512-E/o2t3sEyRfB0/YvKd29cHHT/qxdvUwO35AHOFIcCwZ3GxcbfPjyvytsJf+ozwJd+3H89ROy5zcSEPPGnZa/zA==
  dependencies:
    "@clerk/shared" "^4.20.0"
    standardwebhooks "^1.0.0"
    tslib "2.8.1"

"@clerk/nextjs@^7.5.7":
  version "7.5.7"
  resolved "https://registry.npmjs.org/@clerk/nextjs/-/nextjs-7.5.7.tgz"
  integrity sha512-wuPq966KqudOyWY+X0uByw+sre3kc0pRonDqbarkb/49XF1gnxk54moGLmE4elYzsXT7gh5wcK43kSRhl1jFpg==
  dependencies:
    "@clerk/backend" "^3.8.2"
    "@clerk/react" "^6.10.4"
    "@clerk/shared" "^4.20.0"
    server-only "0.0.1"
    tslib "2.8.1"

"@clerk/react@^6.10.4":
  version "6.10.4"
  resolved "https://registry.npmjs.org/@clerk/react/-/react-6.10.4.tgz"
  integrity sha512-KGZVd4XK+ocYTYphuJwrq7GTRXVz5Pl5E2BhM2E+xx21t/mSOrSS8m2xAHdOzIbekSXnhjPAwhJW2belFjRpcg==
  dependencies:
    "@clerk/shared" "^4.20.0"
    tslib "2.8.1"

"@clerk/shared@^4.20.0":
  version "4.20.0"
  resolved "https://registry.npmjs.org/@clerk/shared/-/shared-4.20.0.tgz"
  integrity sha512-5t3YEnjwEwaect59N0Ycb5aDBbVGe3hICmy21X+n00IR1skmSTXPmPk/67bTktgEbGHxot2RGqhQbi2bFQV6AA==
  dependencies:
    "@tanstack/query-core" "^5.100.6"
    dequal "2.0.3"
    glob-to-regexp "0.4.1"
    js-cookie "3.0.7"

"@google/generative-ai@^0.24.1":
  version "0.24.1"
  resolved "https://registry.npmjs.org/@google/generative-ai/-/generative-ai-0.24.1.tgz"
  integrity sha512-MqO+MLfM6kjxcKoy0p1wRzG3b4ZZXtPI+z2IE26UogS2Cm/XHO+7gGRBh6gcJsOiIVoH93UwKvW4HdgiOZCy9Q==

"@img/colour@^1.0.0":
  version "1.1.0"
  resolved "https://registry.npmjs.org/@img/colour/-/colour-1.1.0.tgz"
  integrity sha512-Td76q7j57o/tLVdgS746cYARfSyxk8iEfRxewL9h4OMzYhbW4TAcppl0mT4eyqXddh6L/jwoM75mo7ixa/pCeQ==

"@img/sharp-win32-x64@0.34.5":
  version "0.34.5"
  resolved "https://registry.npmjs.org/@img/sharp-win32-x64/-/sharp-win32-x64-0.34.5.tgz"
  integrity sha512-+29YMsqY2/9eFEiW93eqWnuLcWcufowXewwSNIT6UwZdUUCrM3oFjMWH/Z6/TMmb4hlFenmfAVbpWeup2jryCw==

"@next/env@16.2.9":
  version "16.2.9"
  resolved "https://registry.npmjs.org/@next/env/-/env-16.2.9.tgz"
  integrity sha512-ki5VxxXfzD/9TDe13wyeTKIjQTAwBVpnr8KhRDUr8ltMUq1/NBpWNT5tiPoxiGl+PHM4X2ahSOiPk6iAimIzPg==

"@next/swc-win32-x64-msvc@16.2.9":
  version "16.2.9"
  resolved "https://registry.npmjs.org/@next/swc-win32-x64-msvc/-/swc-win32-x64-msvc-16.2.9.tgz"
  integrity sha512-qr2VL3Ce5QrwgO2yh1ujSBawrimjVKX8FGF/cOynmdYKJY0BdHpGVNIRK1tqONB10Vkm25Ub1BD2bkjWs4+96w==

"@stablelib/base64@^1.0.0":
  version "1.0.1"
  resolved "https://registry.npmjs.org/@stablelib/base64/-/base64-1.0.1.tgz"
  integrity sha512-1bnPQqSxSuc3Ii6MhBysoWCg58j97aUjuCSZrGSmDxNqtytIi0k8utUenAwTZN4V5mXXYGsVUI9zeBqy+jBOSQ==

"@supabase/auth-js@2.108.2":
  version "2.108.2"
  resolved "https://registry.npmjs.org/@supabase/auth-js/-/auth-js-2.108.2.tgz"
  integrity sha512-tNaQmBgodDZwgB40mRwVbxFy8IDYwjdpcZ0BYrWiwlULCSQoJj4QoG4zgJT7QRPXcqipefNOzvO/qAu4dF98ag==
  dependencies:
    tslib "2.8.1"

"@supabase/functions-js@2.108.2":
  version "2.108.2"
  resolved "https://registry.npmjs.org/@supabase/functions-js/-/functions-js-2.108.2.tgz"
  integrity sha512-RNUX8EiBy3iLwAX19jtRzLyePnl11/fHcgwDHLnpKcDSXt/5qBnh3LUwAtIjT21Q66QsmNUR2esrHziLCpNubw==
  dependencies:
    tslib "2.8.1"

"@supabase/phoenix@^0.4.2":
  version "0.4.4"
  resolved "https://registry.npmjs.org/@supabase/phoenix/-/phoenix-0.4.4.tgz"
  integrity sha512-Gt0pqoXuIqX/8dvG0OKp/wMCobXNH3klNbUPBNyOfN0YA1IswrM3HyWFMOPk1Jy+BRaIyDPcFx4jLBwHNmlyfQ==

"@supabase/postgrest-js@2.108.2":
  version "2.108.2"
  resolved "https://registry.npmjs.org/@supabase/postgrest-js/-/postgrest-js-2.108.2.tgz"
  integrity sha512-GQ28/Y8hk3CFmkb3kXH1h/AQx6JIYSQfO0CJMRVBcEKZoNy6C45cXAZ4fcJvRC5Id0cs6xnkUV0+c0rIocigsw==
  dependencies:
    tslib "2.8.1"

"@supabase/realtime-js@2.108.2":
  version "2.108.2"
  resolved "https://registry.npmjs.org/@supabase/realtime-js/-/realtime-js-2.108.2.tgz"
  integrity sha512-aAGxCSUemZvQIibnCdvNvgaKib28I4rfrNjKbQ9cG1uBLwUsI7hVpGXgEbypCCDhLjQlDTAiJlu7rgljYUT73g==
  dependencies:
    "@supabase/phoenix" "^0.4.2"
    tslib "2.8.1"

"@supabase/storage-js@2.108.2":
  version "2.108.2"
  resolved "https://registry.npmjs.org/@supabase/storage-js/-/storage-js-2.108.2.tgz"
  integrity sha512-TVZPQxXGxY2+A6yTtm77zUHsh70lBhYUEaJL8RQC+BghcX/ygiMG/rmXrNVBce30/WAeNPa8FiG8HbqlGeV05g==
  dependencies:
    iceberg-js "^0.8.1"
    tslib "2.8.1"

"@supabase/supabase-js@^2.108.2":
  version "2.108.2"
  resolved "https://registry.npmjs.org/@supabase/supabase-js/-/supabase-js-2.108.2.tgz"
  integrity sha512-hFhnPveb5JQg4a0QYicM0swT253YHMdfeRAl2BKHOlI5VAzuHxUGSr8RbwNLYNPauWOgQMS1H8sz8bvYlgwUfQ==
  dependencies:
    "@supabase/auth-js" "2.108.2"
    "@supabase/functions-js" "2.108.2"
    "@supabase/postgrest-js" "2.108.2"
    "@supabase/realtime-js" "2.108.2"
    "@supabase/storage-js" "2.108.2"

"@swc/helpers@0.5.15":
  version "0.5.15"
  resolved "https://registry.npmjs.org/@swc/helpers/-/helpers-0.5.15.tgz"
  integrity sha512-JQ5TuMi45Owi4/BIMAJBoSQoOJu12oOk/gADqlcUL9JEdHB8vyjUSsxqeNXnmXHjYKMi2WcYtezGEEhqUI/E2g==
  dependencies:
    tslib "^2.8.0"

"@tanstack/query-core@^5.100.6":
  version "5.101.0"
  resolved "https://registry.npmjs.org/@tanstack/query-core/-/query-core-5.101.0.tgz"
  integrity sha512-cQetA74EB+seWySv1TTKr828TnP0u39m6LykwDXIo84SNortpDkp30TMEjkqtYCNP9c40uT/iwl6MLiufEt0Ow==

"@types/node@20.14.12":
  version "20.14.12"
  resolved "https://registry.npmjs.org/@types/node/-/node-20.14.12.tgz"
  integrity sha512-r7wNXakLeSsGT0H1AU863vS2wa5wBOK4bWMjZz2wj+8nBx+m5PeIn0k8AloSLpRuiwdRQZwarZqHE4FNArPuJQ==
  dependencies:
    undici-types "~5.26.4"

"@types/prop-types@*":
  version "15.7.15"
  resolved "https://registry.npmjs.org/@types/prop-types/-/prop-types-15.7.15.tgz"
  integrity sha512-F6bEyamV9jKGAFBEmlQnesRPGOQqS2+Uwi0Em15xenOxHaf2hv6L8YCVn3rPdPJOiJfPiCnLIRyvwVaqMY3MIw==

"@types/react-dom@18.3.0":
  version "18.3.0"
  resolved "https://registry.npmjs.org/@types/react-dom/-/react-dom-18.3.0.tgz"
  integrity sha512-EhwApuTmMBmXuFOikhQLIBUn6uFg81SwLMOAUgodJF14SOBOCMdU04gDoYi0WOJJHD144TL32z4yDqCW3dnkQg==
  dependencies:
    "@types/react" "*"

"@types/react@*", "@types/react@18.3.3":
  version "18.3.3"
  resolved "https://registry.npmjs.org/@types/react/-/react-18.3.3.tgz"
  integrity sha512-hti/R0pS0q1/xx+TsI73XIqk26eBsISZ2R0wUijXIngRK9R/e7Xw/cXVxQK7R5JjW+SV4zGcn5hXjudkN/pLIw==
  dependencies:
    "@types/prop-types" "*"
    csstype "^3.0.2"

baseline-browser-mapping@^2.9.19:
  version "2.10.37"
  resolved "https://registry.npmjs.org/baseline-browser-mapping/-/baseline-browser-mapping-2.10.37.tgz"
  integrity sha512-girxaJ7WZssDOFhzCGZTDKoTa1gk6A1TbflaYTpykLJ4UU9Fz9kx1aREM8JCuoVHbL8X8T/mJg7w2oYSq72Oig==

caniuse-lite@^1.0.30001579:
  version "1.0.30001799"
  resolved "https://registry.npmjs.org/caniuse-lite/-/caniuse-lite-1.0.30001799.tgz"
  integrity sha512-hG1bReV+OUU+MOqK4t/ZWI0tZOyz3rqS9XuhOUz1cIcbwBKjOyJEJuw9ER5JuNyqxNk8u/JUVbGibBOL1yrjFw==

client-only@0.0.1:
  version "0.0.1"
  resolved "https://registry.npmjs.org/client-only/-/client-only-0.0.1.tgz"
  integrity sha512-IV3Ou0jSMzZrd3pZ48nLkT9DA7Ag1pnPzaiQhpW7c3RbcqqzvzzVu+L8gfqMp/8IM2MQtSiqaCxrrcfu8I8rMA==

csstype@^3.0.2:
  version "3.2.3"
  resolved "https://registry.npmjs.org/csstype/-/csstype-3.2.3.tgz"
  integrity sha512-z1HGKcYy2xA8AGQfwrn0PAy+PB7X/GSj3UVJW9qKyn43xWa+gl5nXmU4qqLMRzWVLFC8KusUX8T/0kCiOYpAIQ==

dequal@2.0.3:
  version "2.0.3"
  resolved "https://registry.npmjs.org/dequal/-/dequal-2.0.3.tgz"
  integrity sha512-0je+qPKHEMohvfRTCEo3CrPG6cAzAYgmzKyxRiYSSDkS6eGJdyVJm7WaYA5ECaAD9wLB2T4EEeymA5aFVcYXCA==

detect-libc@^2.1.2:
  version "2.1.2"
  resolved "https://registry.npmjs.org/detect-libc/-/detect-libc-2.1.2.tgz"
  integrity sha512-Btj2BOOO83o3WyH59e8MgXsxEQVcarkUOpEYrubB0urwnN10yQ364rsiByU11nZlqWYZm05i/of7io4mzihBtQ==

fast-sha256@^1.3.0:
  version "1.3.0"
  resolved "https://registry.npmjs.org/fast-sha256/-/fast-sha256-1.3.0.tgz"
  integrity sha512-n11RGP/lrWEFI/bWdygLxhI+pVeo1ZYIVwvvPkW7azl/rOy+F3HYRZ2K5zeE9mmkhQppyv9sQFx0JM9UabnpPQ==

glob-to-regexp@0.4.1:
  version "0.4.1"
  resolved "https://registry.npmjs.org/glob-to-regexp/-/glob-to-regexp-0.4.1.tgz"
  integrity sha512-lkX1HJXwyMcprw/5YUZc2s7DrpAiHB21/V+E1rHUrVNokkvB6bqMzT0VfV6/86ZNabt1k14YOIaT7nDvOX3Iiw==

iceberg-js@^0.8.1:
  version "0.8.1"
  resolved "https://registry.npmjs.org/iceberg-js/-/iceberg-js-0.8.1.tgz"
  integrity sha512-1dhVQZXhcHje7798IVM+xoo/1ZdVfzOMIc8/rgVSijRK38EDqOJoGula9N/8ZI5RD8QTxNQtK/Gozpr+qUqRRA==

js-cookie@3.0.7:
  version "3.0.7"
  resolved "https://registry.npmjs.org/js-cookie/-/js-cookie-3.0.7.tgz"
  integrity sha512-z/wZZgDrkNV1eA0ULjM/F9/50Ya8fbzgKneSpoPsXSGd0KnpdtHfOZWK+GcwLk+EZbS4F9RBhU+K2RgzuDaItw==

"js-tokens@^3.0.0 || ^4.0.0":
  version "4.0.0"
  resolved "https://registry.npmjs.org/js-tokens/-/js-tokens-4.0.0.tgz"
  integrity sha512-RdJUflcE3cUzKiMqQgsCu06FPu9UdIJO0beYbPhHN4k6apgJtifcoCtT9bcxOpYBtpD2kCM6Sbzg4CausW/PKQ==

loose-envify@^1.1.0:
  version "1.4.0"
  resolved "https://registry.npmjs.org/loose-envify/-/loose-envify-1.4.0.tgz"
  integrity sha512-lyuxPGr/Wfhrlem2CL/UcnUc1zcqKAImBDzukY7Y5F/yQiNdko6+fRLevlw1HgMySw7f611UIY408EtxRSoK3Q==
  dependencies:
    js-tokens "^3.0.0 || ^4.0.0"

mercadopago@^3.1.0:
  version "3.1.0"
  resolved "https://registry.npmjs.org/mercadopago/-/mercadopago-3.1.0.tgz"
  integrity sha512-3VB8AFpE8eZgm67e22kVbR19k9JC/1j66voLSh7m9tPvkASuRKNH2Y7yb793rO+fIpMtvl+wBj27UY4jIItWYA==

nanoid@^3.3.6:
  version "3.3.12"
  resolved "https://registry.npmjs.org/nanoid/-/nanoid-3.3.12.tgz"
  integrity sha512-ZB9RH/39qpq5Vu6Y+NmUaFhQR6pp+M2Xt76XBnEwDaGcVAqhlvxrl3B2bKS5D3NH3QR76v3aSrKaF/Kiy7lEtQ==

"next@^15.2.8 || ^15.3.8 || ^15.4.10 || ^15.5.9 || ^15.6.0-0 || ^16.0.10 || ^16.1.0-0", next@^16.2.9:
  version "16.2.9"
  resolved "https://registry.npmjs.org/next/-/next-16.2.9.tgz"
  integrity sha512-MEOJiq/UvuezAdqVSceHbqDgZt1kDw2tpGVOlsdIoJsQdbN2JY2hpVG4xnXGkbdJUOEWhnRfiu/O4Hpc9Juwww==
  dependencies:
    "@next/env" "16.2.9"
    "@swc/helpers" "0.5.15"
    baseline-browser-mapping "^2.9.19"
    caniuse-lite "^1.0.30001579"
    postcss "8.4.31"
    styled-jsx "5.1.6"
  optionalDependencies:
    "@next/swc-darwin-arm64" "16.2.9"
    "@next/swc-darwin-x64" "16.2.9"
    "@next/swc-linux-arm64-gnu" "16.2.9"
    "@next/swc-linux-arm64-musl" "16.2.9"
    "@next/swc-linux-x64-gnu" "16.2.9"
    "@next/swc-linux-x64-musl" "16.2.9"
    "@next/swc-win32-arm64-msvc" "16.2.9"
    "@next/swc-win32-x64-msvc" "16.2.9"
    sharp "^0.34.5"

picocolors@^1.0.0:
  version "1.1.1"
  resolved "https://registry.npmjs.org/picocolors/-/picocolors-1.1.1.tgz"
  integrity sha512-xceH2snhtb5M9liqDsmEw56le376mTZkEX/jEb/RxNFyegNul7eNslCXP9FDj/Lcu0X8KEyMceP2ntpaHrDEVA==

postal-mime@2.7.4:
  version "2.7.4"
  resolved "https://registry.npmjs.org/postal-mime/-/postal-mime-2.7.4.tgz"
  integrity sha512-0WdnFQYUrPGGTFu1uOqD2s7omwua8xaeYGdO6rb88oD5yJ/4pPHDA4sdWqfD8wQVfCny563n/HQS7zTFft+f/g==

postcss@8.4.31:
  version "8.4.31"
  resolved "https://registry.npmjs.org/postcss/-/postcss-8.4.31.tgz"
  integrity sha512-PS08Iboia9mts/2ygV3eLpY5ghnUcfLV/EXTOW1E2qYxJKGGBUtNjN76FYHnMs36RmARn41bC0AZmn+rR0OVpQ==
  dependencies:
    nanoid "^3.3.6"
    picocolors "^1.0.0"
    source-map-js "^1.0.2"

"react-dom@^18.0.0 || ~19.0.3 || ~19.1.4 || ~19.2.3 || ~19.3.0-0", "react-dom@^18.2.0 || 19.0.0-rc-de68d2f4-20241204 || ^19.0.0", react-dom@18.3.1:
  version "18.3.1"
  resolved "https://registry.npmjs.org/react-dom/-/react-dom-18.3.1.tgz"
  integrity sha512-5m4nQKp+rZRb09LNH59GM4BxTh9251/ylbKIbpe7TpGxfJ+9kv6BLkLBXIjjspbgbnIBNqlI23tRnTWT0snUIw==
  dependencies:
    loose-envify "^1.1.0"
    scheduler "^0.23.2"

"react@^18.0.0 || ~19.0.3 || ~19.1.4 || ~19.2.3 || ~19.3.0-0", "react@^18.2.0 || 19.0.0-rc-de68d2f4-20241204 || ^19.0.0", react@^18.3.1, "react@>= 16.8.0 || 17.x.x || ^18.0.0-0 || ^19.0.0-0", react@18.3.1:
  version "18.3.1"
  resolved "https://registry.npmjs.org/react/-/react-18.3.1.tgz"
  integrity sha512-wS+hAgJShR0KhEvPJArfuPVN1+Hz1t0Y6n5jLrGQbkb4urgPE/0Rve+1kMB1v/oWgHgm4WIcV+i7F2pTVj+2iQ==
  dependencies:
    loose-envify "^1.1.0"

resend@^6.14.0:
  version "6.14.0"
  resolved "https://registry.npmjs.org/resend/-/resend-6.14.0.tgz"
  integrity sha512-jVdpUgOoWGLjaP64lo8KwzHT9gY4w6Dl8c36CIb2F+ayYOMLr3khqs8xrNjXM2k19b+lPoj0VWQFhVNLiToBjA==
  dependencies:
    postal-mime "2.7.4"
    standardwebhooks "1.0.0"

scheduler@^0.23.2:
  version "0.23.2"
  resolved "https://registry.npmjs.org/scheduler/-/scheduler-0.23.2.tgz"
  integrity sha512-UOShsPwz7NrMUqhR6t0hWjFduvOzbtv7toDH1/hIrfRNIDBnnBWd0CwJTGvTpngVlmwGCdP9/Zl/tVrDqcuYzQ==
  dependencies:
    loose-envify "^1.1.0"

semver@^7.7.3:
  version "7.8.4"
  resolved "https://registry.npmjs.org/semver/-/semver-7.8.4.tgz"
  integrity sha512-rUCObTnP32Q08R2uuIrt7r9PlEonuTmtuXYcW6s5kjdlj3xbnwe+21yXptAUYcMAABLkYYTtnmzb3w3EDZfueA==

server-only@0.0.1:
  version "0.0.1"
  resolved "https://registry.npmjs.org/server-only/-/server-only-0.0.1.tgz"
  integrity sha512-qepMx2JxAa5jjfzxG79yPPq+8BuFToHd1hm7kI+Z4zAq1ftQiP7HcxMhDDItrbtwVeLg/cY2JnKnrcFkmiswNA==

sharp@^0.34.5:
  version "0.34.5"
  resolved "https://registry.npmjs.org/sharp/-/sharp-0.34.5.tgz"
  integrity sha512-Ou9I5Ft9WNcCbXrU9cMgPBcCK8LiwLqcbywW3t4oDV37n1pzpuNLsYiAV8eODnjbtQlSDwZ2cUEeQz4E54Hltg==
  dependencies:
    "@img/colour" "^1.0.0"
    detect-libc "^2.1.2"
    semver "^7.7.3"
  optionalDependencies:
    "@img/sharp-darwin-arm64" "0.34.5"
    "@img/sharp-darwin-x64" "0.34.5"
    "@img/sharp-libvips-darwin-arm64" "1.2.4"
    "@img/sharp-libvips-darwin-x64" "1.2.4"
    "@img/sharp-libvips-linux-arm" "1.2.4"
    "@img/sharp-libvips-linux-arm64" "1.2.4"
    "@img/sharp-libvips-linux-ppc64" "1.2.4"
    "@img/sharp-libvips-linux-riscv64" "1.2.4"
    "@img/sharp-libvips-linux-s390x" "1.2.4"
    "@img/sharp-libvips-linux-x64" "1.2.4"
    "@img/sharp-libvips-linuxmusl-arm64" "1.2.4"
    "@img/sharp-libvips-linuxmusl-x64" "1.2.4"
    "@img/sharp-linux-arm" "0.34.5"
    "@img/sharp-linux-arm64" "0.34.5"
    "@img/sharp-linux-ppc64" "0.34.5"
    "@img/sharp-linux-riscv64" "0.34.5"
    "@img/sharp-linux-s390x" "0.34.5"
    "@img/sharp-linux-x64" "0.34.5"
    "@img/sharp-linuxmusl-arm64" "0.34.5"
    "@img/sharp-linuxmusl-x64" "0.34.5"
    "@img/sharp-wasm32" "0.34.5"
    "@img/sharp-win32-arm64" "0.34.5"
    "@img/sharp-win32-ia32" "0.34.5"
    "@img/sharp-win32-x64" "0.34.5"

source-map-js@^1.0.2:
  version "1.2.1"
  resolved "https://registry.npmjs.org/source-map-js/-/source-map-js-1.2.1.tgz"
  integrity sha512-UXWMKhLOwVKb728IUtQPXxfYU+usdybtUrK/8uGE8CQMvrhOpwvzDBwj0QhSL7MQc7vIsISBG8VQ8+IDQxpfQA==

standardwebhooks@^1.0.0, standardwebhooks@1.0.0:
  version "1.0.0"
  resolved "https://registry.npmjs.org/standardwebhooks/-/standardwebhooks-1.0.0.tgz"
  integrity sha512-BbHGOQK9olHPMvQNHWul6MYlrRTAOKn03rOe4A8O3CLWhNf4YHBqq2HJKKC+sfqpxiBY52pNeesD6jIiLDz8jg==
  dependencies:
    "@stablelib/base64" "^1.0.0"
    fast-sha256 "^1.3.0"

styled-jsx@5.1.6:
  version "5.1.6"
  resolved "https://registry.npmjs.org/styled-jsx/-/styled-jsx-5.1.6.tgz"
  integrity sha512-qSVyDTeMotdvQYoHWLNGwRFJHC+i+ZvdBRYosOFgC+Wg1vx4frN2/RG/NA7SYqqvKNLf39P2LSRA2pu6n0XYZA==
  dependencies:
    client-only "0.0.1"

svix@^1.96.0:
  version "1.96.0"
  resolved "https://registry.npmjs.org/svix/-/svix-1.96.0.tgz"
  integrity sha512-bypvS7RhYYysD/AAnQzV7EIM08rP9aI394VPr2LGb63K17n4hYFfZPWCpFCFs7ZhYEfdO6Rtci16zxfw14ygCg==
  dependencies:
    standardwebhooks "1.0.0"

tslib@^2.8.0, tslib@2.8.1:
  version "2.8.1"
  resolved "https://registry.npmjs.org/tslib/-/tslib-2.8.1.tgz"
  integrity sha512-oJFu94HQb+KVduSUQL7wnpmqnfmLsOA/nAh6b6EH0wCEoK0/mPeXU6c3wKDV83MkOuHPRHtSXKKU99IBazS/2w==

typescript@5.5.4:
  version "5.5.4"
  resolved "https://registry.npmjs.org/typescript/-/typescript-5.5.4.tgz"
  integrity sha512-Mtq29sKDAEYP7aljRgtPOpTvOfbwRWlS6dPRzwjdE+C0R4brX/GUyhHSecbHMFLNBLcJIPt9nl9yG5TZ1weH+Q==

undici-types@~5.26.4:
  version "5.26.5"
  resolved "https://registry.npmjs.org/undici-types/-/undici-types-5.26.5.tgz"
  integrity sha512-JlCMO+ehdEIKqlFxk6IfVoAUVmgz7cU7zD/h9XZ0qzeosSHmUJVOzSQvvYSYWXkFXC+IfLKSIffhv0sVZup6pA==
